
Microsoft Visual Studio Solution File, Format Version 12.00
# Visual Studio 15
VisualStudioVersion = 15.0.27130.2024
MinimumVisualStudioVersion = 10.0.40219.1
Project("{FAE04EC0-301F-11D3-BF4B-00C04F79EFBC}") = "Projet1", "Projet1\Projet1.csproj", "{FC491EC9-90A5-4DCB-BA41-CA774C1B3C47}"
EndProject
Global
	GlobalSection(SolutionConfigurationPlatforms) = preSolution
		Debug|Any CPU = Debug|Any CPU
		Release|Any CPU = Release|Any CPU
	EndGlobalSection
	GlobalSection(ProjectConfigurationPlatforms) = postSolution
		{FC491EC9-90A5-4DCB-BA41-CA774C1B3C47}.Debug|Any CPU.ActiveCfg = Debug|Any CPU
		{FC491EC9-90A5-4DCB-BA41-CA774C1B3C47}.Debug|Any CPU.Build.0 = Debug|Any CPU
		{FC491EC9-90A5-4DCB-BA41-CA774C1B3C47}.Release|Any CPU.ActiveCfg = Release|Any CPU
		{FC491EC9-90A5-4DCB-BA41-CA774C1B3C47}.Release|Any CPU.Build.0 = Release|Any CPU
	EndGlobalSection
	GlobalSection(SolutionProperties) = preSolution
		HideSolutionNode = FALSE
	EndGlobalSection
	GlobalSection(ExtensibilityGlobals) = postSolution
		SolutionGuid = {5360FC2E-A157-4233-9A65-CCF7D686499A}
	EndGlobalSection
EndGlobal
